Microsoft Visual Studio Solution File, Format Version 11.00
# Visual Studio 2008

Project("{16C7A433-CB71-8DC9-02CA-10CCCC2244A0}") = "Utah Indie Gam Jam", "Assembly-CSharp-Editor.csproj", "{FAA33A72-86CF-0A67-23C7-95FA5DEC808D}"
EndProject
Project("{16C7A433-CB71-8DC9-02CA-10CCCC2244A0}") = "Utah Indie Gam Jam", "Assembly-UnityScript.unityproj", "{51D92804-3387-BAFF-8FC7-AD7CD93B5F7B}"
EndProject
Global
	GlobalSection(SolutionConfigurationPlatforms) = preSolution
		Debug|Any CPU = Debug|Any CPU
		Release|Any CPU = Release|Any CPU
	EndGlobalSection
	GlobalSection(ProjectConfigurationPlatforms) = postSolution
		{FAA33A72-86CF-0A67-23C7-95FA5DEC808D}.Debug|Any CPU.ActiveCfg = Debug|Any CPU
		{FAA33A72-86CF-0A67-23C7-95FA5DEC808D}.Debug|Any CPU.Build.0 = Debug|Any CPU
		{FAA33A72-86CF-0A67-23C7-95FA5DEC808D}.Release|Any CPU.ActiveCfg = Release|Any CPU
		{FAA33A72-86CF-0A67-23C7-95FA5DEC808D}.Release|Any CPU.Build.0 = Release|Any CPU
		{51D92804-3387-BAFF-8FC7-AD7CD93B5F7B}.Debug|Any CPU.ActiveCfg = Debug|Any CPU
		{51D92804-3387-BAFF-8FC7-AD7CD93B5F7B}.Debug|Any CPU.Build.0 = Debug|Any CPU
		{51D92804-3387-BAFF-8FC7-AD7CD93B5F7B}.Release|Any CPU.ActiveCfg = Release|Any CPU
		{51D92804-3387-BAFF-8FC7-AD7CD93B5F7B}.Release|Any CPU.Build.0 = Release|Any CPU
	EndGlobalSection
	GlobalSection(SolutionProperties) = preSolution
		HideSolutionNode = FALSE
	EndGlobalSection
																																						GlobalSection(MonoDevelopProperties) = preSolution
		StartupItem = Assembly-CSharp.csproj
		Policies = $0
		$0.TextStylePolicy = $1
		$1.inheritsSet = null
		$1.scope = text/x-csharp
		$0.CSharpFormattingPolicy = $2
		$2.inheritsSet = Mono
		$2.inheritsScope = text/x-csharp
		$2.scope = text/x-csharp
		$0.TextStylePolicy = $3
		$3.FileWidth = 120
		$3.TabWidth = 4
		$3.IndentWidth = 4
		$3.EolMarker = Unix
		$3.inheritsSet = Mono
		$3.inheritsScope = text/plain
		$3.scope = text/plain
	EndGlobalSection

EndGlobal
